
Microsoft Visual Studio Solution File, Format Version 11.00
# XPIStudio Solution File, Format Version 11.00
Project("{0923A81A-DF4D-40B2-8C31-E36CAF3F67B4}") = "TestGithub", "TestGithub\TestGithub.mgxpiproj", "{7B6A3248-9038-416C-82AD-4294CA645343}"
EndProject
Global
	GlobalSection(SolutionConfigurationPlatforms) = preSolution
		Debug|x86 = Debug|x86
		Release|x86 = Release|x86
	EndGlobalSection
	GlobalSection(ProjectConfigurationPlatforms) = postSolution
		{7B6A3248-9038-416C-82AD-4294CA645343}.Debug|x86.ActiveCfg = Debug|x86
		{7B6A3248-9038-416C-82AD-4294CA645343}.Debug|x86.Build.0 = Debug|x86
		{7B6A3248-9038-416C-82AD-4294CA645343}.Release|x86.ActiveCfg = Release|x86
		{7B6A3248-9038-416C-82AD-4294CA645343}.Release|x86.Build.0 = Release|x86
	EndGlobalSection
	GlobalSection(SolutionProperties) = preSolution
		HideSolutionNode = FALSE
	EndGlobalSection
EndGlobal
